{
  "pins" : [
    {
      "identity" : "musicassistantkit",
      "kind" : "remoteSourceControl",
      "location" : "https://github.com/harperreed/MusicAssistantKit.git",
      "state" : {
        "revision" : "f6faa9aa6b9320821cc0528762563ed68e714526",
        "version" : "0.0.4"
      }
    }
  ],
  "version" : 2
}
