{
  "pins" : [
    {
      "identity" : "musicassistantkit",
      "kind" : "remoteSourceControl",
      "location" : "https://github.com/harperreed/MusicAssistantKit.git",
      "state" : {
        "revision" : "c2de52a5c268cc018082baada1a34461add7f1e5",
        "version" : "0.3.0"
      }
    }
  ],
  "version" : 2
}
