{
  "pins" : [
    {
      "identity" : "musicassistantkit",
      "kind" : "remoteSourceControl",
      "location" : "https://github.com/harperreed/MusicAssistantKit.git",
      "state" : {
        "branch" : "main",
        "revision" : "6d33bb965a6615f38442cec873fe73556b20137a"
      }
    }
  ],
  "version" : 2
}
