{
  "originHash" : "5dd2f93ad72e0dd19fef929dd78f772c4a404d51b5069d19b00e4865057863dc",
  "pins" : [
    {
      "identity" : "musicassistantkit",
      "kind" : "remoteSourceControl",
      "location" : "https://github.com/harperreed/MusicAssistantKit.git",
      "state" : {
        "revision" : "c72a0c492c9d0e33fb9a6dbbf55273365d59a822",
        "version" : "0.2.1"
      }
    }
  ],
  "version" : 3
}
