{
  "originHash" : "5dd2f93ad72e0dd19fef929dd78f772c4a404d51b5069d19b00e4865057863dc",
  "pins" : [
    {
      "identity" : "musicassistantkit",
      "kind" : "remoteSourceControl",
      "location" : "https://github.com/harperreed/MusicAssistantKit.git",
      "state" : {
        "revision" : "c2de52a5c268cc018082baada1a34461add7f1e5",
        "version" : "0.3.0"
      }
    }
  ],
  "version" : 3
}
